
Microsoft Visual Studio Solution File, Format Version 12.00
# Visual Studio Version 16
VisualStudioVersion = 16.0.31129.286
MinimumVisualStudioVersion = 10.0.40219.1
Project("{8BC9CEB8-8B4A-11D0-8D11-00A0C91BC942}") = "Ass1", "src\Ass1.vcxproj", "{CFB71C42-54BB-42CE-8A75-3416EC8AABA3}"
EndProject
Global
	GlobalSection(SolutionConfigurationPlatforms) = preSolution
		Debug|x64 = Debug|x64
		Debug|x86 = Debug|x86
		Release|x64 = Release|x64
		Release|x86 = Release|x86
	EndGlobalSection
	GlobalSection(ProjectConfigurationPlatforms) = postSolution
		{CFB71C42-54BB-42CE-8A75-3416EC8AABA3}.Debug|x64.ActiveCfg = Debug|x64
		{CFB71C42-54BB-42CE-8A75-3416EC8AABA3}.Debug|x64.Build.0 = Debug|x64
		{CFB71C42-54BB-42CE-8A75-3416EC8AABA3}.Debug|x86.ActiveCfg = Debug|Win32
		{CFB71C42-54BB-42CE-8A75-3416EC8AABA3}.Debug|x86.Build.0 = Debug|Win32
		{CFB71C42-54BB-42CE-8A75-3416EC8AABA3}.Release|x64.ActiveCfg = Release|x64
		{CFB71C42-54BB-42CE-8A75-3416EC8AABA3}.Release|x64.Build.0 = Release|x64
		{CFB71C42-54BB-42CE-8A75-3416EC8AABA3}.Release|x86.ActiveCfg = Release|Win32
		{CFB71C42-54BB-42CE-8A75-3416EC8AABA3}.Release|x86.Build.0 = Release|Win32
	EndGlobalSection
	GlobalSection(SolutionProperties) = preSolution
		HideSolutionNode = FALSE
	EndGlobalSection
	GlobalSection(ExtensibilityGlobals) = postSolution
		SolutionGuid = {FE417577-A607-4B1C-AB44-D446E6AA392B}
	EndGlobalSection
EndGlobal
